
Microsoft Visual Studio Solution File, Format Version 12.00
# Visual Studio Version 17
VisualStudioVersion = 17.8.34330.188
MinimumVisualStudioVersion = 10.0.40219.1
Project("{FAE04EC0-301F-11D3-BF4B-00C04F79EFBC}") = "Ex17OOP", "Ex17OOP\Ex17OOP.csproj", "{05562DC0-01DF-4AF2-81A8-4E9E7149A5EF}"
EndProject
Global
	GlobalSection(SolutionConfigurationPlatforms) = preSolution
		Debug|Any CPU = Debug|Any CPU
		Release|Any CPU = Release|Any CPU
	EndGlobalSection
	GlobalSection(ProjectConfigurationPlatforms) = postSolution
		{05562DC0-01DF-4AF2-81A8-4E9E7149A5EF}.Debug|Any CPU.ActiveCfg = Debug|Any CPU
		{05562DC0-01DF-4AF2-81A8-4E9E7149A5EF}.Debug|Any CPU.Build.0 = Debug|Any CPU
		{05562DC0-01DF-4AF2-81A8-4E9E7149A5EF}.Release|Any CPU.ActiveCfg = Release|Any CPU
		{05562DC0-01DF-4AF2-81A8-4E9E7149A5EF}.Release|Any CPU.Build.0 = Release|Any CPU
	EndGlobalSection
	GlobalSection(SolutionProperties) = preSolution
		HideSolutionNode = FALSE
	EndGlobalSection
	GlobalSection(ExtensibilityGlobals) = postSolution
		SolutionGuid = {0B11A51E-15ED-4FA0-9DDC-CBC74325392A}
	EndGlobalSection
EndGlobal
